// !$*UTF8*$!
{
	archiveVersion = 1;
	classes = {
	};
	objectVersion = 46;
	objects = {

/* Begin PBXBuildFile section */
		9BABA5C31F2F76DC0089F18C /* MyCell.swift in Sources */ = {isa = PBXBuildFile; fileRef = 9BABA5C21F2F76DC0089F18C /* MyCell.swift */; };
		9BE56D781EFB107900D87BA8 /* AppDelegate.swift in Sources */ = {isa = PBXBuildFile; fileRef = 9BE56D771EFB107900D87BA8 /* AppDelegate.swift */; };
		9BE56D7A1EFB107900D87BA8 /* ViewController.swift in Sources */ = {isa = PBXBuildFile; fileRef = 9BE56D791EFB107900D87BA8 /* ViewController.swift */; };
		9BE56D7D1EFB107900D87BA8 /* Main.storyboard in Resources */ = {isa = PBXBuildFile; fileRef = 9BE56D7B1EFB107900D87BA8 /* Main.storyboard */; };
		9BE56D7F1EFB107900D87BA8 /* Assets.xcassets in Resources */ = {isa = PBXBuildFile; fileRef = 9BE56D7E1EFB107900D87BA8 /* Assets.xcassets */; };
		9BE56D821EFB107900D87BA8 /* LaunchScreen.storyboard in Resources */ = {isa = PBXBuildFile; fileRef = 9BE56D801EFB107900D87BA8 /* LaunchScreen.storyboard */; };
/* End PBXBuildFile section */

/* Begin PBXFileReference section */
		76F5EDE9683308346BDA9877 /* Pods-DynamicTableViewCellHeight.release.xcconfig */ = {isa = PBXFileReference; includeInIndex = 1; lastKnownFileType = text.xcconfig; name = "Pods-DynamicTableViewCellHeight.release.xcconfig"; path = "Pods/Target Support Files/Pods-DynamicTableViewCellHeight/Pods-DynamicTableViewCellHeight.release.xcconfig"; sourceTree = "<group>"; };
		9BABA5C21F2F76DC0089F18C /* MyCell.swift */ = {isa = PBXFileReference; fileEncoding = 4; lastKnownFileType = sourcecode.swift; path = MyCell.swift; sourceTree = "<group>"; };
		9BE56D741EFB107900D87BA8 /* DynamicTableViewCellHeight.app */ = {isa = PBXFileReference; explicitFileType = wrapper.application; includeInIndex = 0; path = DynamicTableViewCellHeight.app; sourceTree = BUILT_PRODUCTS_DIR; };
		9BE56D771EFB107900D87BA8 /* AppDelegate.swift */ = {isa = PBXFileReference; lastKnownFileType = sourcecode.swift; path = AppDelegate.swift; sourceTree = "<group>"; };
		9BE56D791EFB107900D87BA8 /* ViewController.swift */ = {isa = PBXFileReference; lastKnownFileType = sourcecode.swift; path = ViewController.swift; sourceTree = "<group>"; };
		9BE56D7C1EFB107900D87BA8 /* Base */ = {isa = PBXFileReference; lastKnownFileType = file.storyboard; name = Base; path = Base.lproj/Main.storyboard; sourceTree = "<group>"; };
		9BE56D7E1EFB107900D87BA8 /* Assets.xcassets */ = {isa = PBXFileReference; lastKnownFileType = folder.assetcatalog; path = Assets.xcassets; sourceTree = "<group>"; };
		9BE56D811EFB107900D87BA8 /* Base */ = {isa = PBXFileReference; lastKnownFileType = file.storyboard; name = Base; path = Base.lproj/LaunchScreen.storyboard; sourceTree = "<group>"; };
		9BE56D831EFB107900D87BA8 /* Info.plist */ = {isa = PBXFileReference; lastKnownFileType = text.plist.xml; path = Info.plist; sourceTree = "<group>"; };
		A250D626861680673C57E1BC /* Pods_DynamicTableViewCellHeight.framework */ = {isa = PBXFileReference; explicitFileType = wrapper.framework; includeInIndex = 0; path = Pods_DynamicTableViewCellHeight.framework; sourceTree = BUILT_PRODUCTS_DIR; };
		CA4308356385E4821425D9C2 /* Pods-DynamicTableViewCellHeight.debug.xcconfig */ = {isa = PBXFileReference; includeInIndex = 1; lastKnownFileType = text.xcconfig; name = "Pods-DynamicTableViewCellHeight.debug.xcconfig"; path = "Pods/Target Support Files/Pods-DynamicTableViewCellHeight/Pods-DynamicTableViewCellHeight.debug.xcconfig"; sourceTree = "<group>"; };
/* End PBXFileReference section */

/* Begin PBXFrameworksBuildPhase section */
		9BE56D711EFB107900D87BA8 /* Frameworks */ = {
			isa = PBXFrameworksBuildPhase;
			buildActionMask = 2147483647;
			files = (
			);
			runOnlyForDeploymentPostprocessing = 0;
		};
/* End PBXFrameworksBuildPhase section */

/* Begin PBXGroup section */
		716E2B4AEE10792384DBD512 /* Frameworks */ = {
			isa = PBXGroup;
			children = (
				A250D626861680673C57E1BC /* Pods_DynamicTableViewCellHeight.framework */,
			);
			name = Frameworks;
			sourceTree = "<group>";
		};
		928549EED7BB07A09BA6B7CD /* Pods */ = {
			isa = PBXGroup;
			children = (
				CA4308356385E4821425D9C2 /* Pods-DynamicTableViewCellHeight.debug.xcconfig */,
				76F5EDE9683308346BDA9877 /* Pods-DynamicTableViewCellHeight.release.xcconfig */,
			);
			name = Pods;
			sourceTree = "<group>";
		};
		9BABA5C11F2F76CE0089F18C /* Cells */ = {
			isa = PBXGroup;
			children = (
				9BABA5C21F2F76DC0089F18C /* MyCell.swift */,
			);
			name = Cells;
			sourceTree = "<group>";
		};
		9BE56D6B1EFB107900D87BA8 = {
			isa = PBXGroup;
			children = (
				9BE56D761EFB107900D87BA8 /* DynamicTableViewCellHeight */,
				9BE56D751EFB107900D87BA8 /* Products */,
				928549EED7BB07A09BA6B7CD /* Pods */,
				716E2B4AEE10792384DBD512 /* Frameworks */,
			);
			sourceTree = "<group>";
		};
		9BE56D751EFB107900D87BA8 /* Products */ = {
			isa = PBXGroup;
			children = (
				9BE56D741EFB107900D87BA8 /* DynamicTableViewCellHeight.app */,
			);
			name = Products;
			sourceTree = "<group>";
		};
		9BE56D761EFB107900D87BA8 /* DynamicTableViewCellHeight */ = {
			isa = PBXGroup;
			children = (
				9BABA5C11F2F76CE0089F18C /* Cells */,
				9BE56D771EFB107900D87BA8 /* AppDelegate.swift */,
				9BE56D791EFB107900D87BA8 /* ViewController.swift */,
				9BE56D7B1EFB107900D87BA8 /* Main.storyboard */,
				9BE56D7E1EFB107900D87BA8 /* Assets.xcassets */,
				9BE56D801EFB107900D87BA8 /* LaunchScreen.storyboard */,
				9BE56D831EFB107900D87BA8 /* Info.plist */,
			);
			path = DynamicTableViewCellHeight;
			sourceTree = "<group>";
		};
/* End PBXGroup section */

/* Begin PBXNativeTarget section */
		9BE56D731EFB107900D87BA8 /* DynamicTableViewCellHeight */ = {
			isa = PBXNativeTarget;
			buildConfigurationList = 9BE56D861EFB107900D87BA8 /* Build configuration list for PBXNativeTarget "DynamicTableViewCellHeight" */;
			buildPhases = (
				C1DA452910BB5EB9907E2842 /* [CP] Check Pods Manifest.lock */,
				9BE56D701EFB107900D87BA8 /* Sources */,
				9BE56D711EFB107900D87BA8 /* Frameworks */,
				9BE56D721EFB107900D87BA8 /* Resources */,
				43939D71F45CC006B57DD5A3 /* [CP] Embed Pods Frameworks */,
				D6CD04E26499A3E2CE2B4B1D /* [CP] Copy Pods Resources */,
			);
			buildRules = (
			);
			dependencies = (
			);
			name = DynamicTableViewCellHeight;
			productName = DynamicTableViewCellHeight;
			productReference = 9BE56D741EFB107900D87BA8 /* DynamicTableViewCellHeight.app */;
			productType = "com.apple.product-type.application";
		};
/* End PBXNativeTarget section */

/* Begin PBXProject section */
		9BE56D6C1EFB107900D87BA8 /* Project object */ = {
			isa = PBXProject;
			attributes = {
				LastSwiftUpdateCheck = 0830;
				LastUpgradeCheck = 0830;
				ORGANIZATIONNAME = Martin;
				TargetAttributes = {
					9BE56D731EFB107900D87BA8 = {
						CreatedOnToolsVersion = 8.3.2;
						ProvisioningStyle = Manual;
					};
				};
			};
			buildConfigurationList = 9BE56D6F1EFB107900D87BA8 /* Build configuration list for PBXProject "DynamicTableViewCellHeight" */;
			compatibilityVersion = "Xcode 3.2";
			developmentRegion = English;
			hasScannedForEncodings = 0;
			knownRegions = (
				en,
				Base,
			);
			mainGroup = 9BE56D6B1EFB107900D87BA8;
			productRefGroup = 9BE56D751EFB107900D87BA8 /* Products */;
			projectDirPath = "";
			projectRoot = "";
			targets = (
				9BE56D731EFB107900D87BA8 /* DynamicTableViewCellHeight */,
			);
		};
/* End PBXProject section */

/* Begin PBXResourcesBuildPhase section */
		9BE56D721EFB107900D87BA8 /* Resources */ = {
			isa = PBXResourcesBuildPhase;
			buildActionMask = 2147483647;
			files = (
				9BE56D821EFB107900D87BA8 /* LaunchScreen.storyboard in Resources */,
				9BE56D7F1EFB107900D87BA8 /* Assets.xcassets in Resources */,
				9BE56D7D1EFB107900D87BA8 /* Main.storyboard in Resources */,
			);
			runOnlyForDeploymentPostprocessing = 0;
		};
/* End PBXResourcesBuildPhase section */

/* Begin PBXShellScriptBuildPhase section */
		43939D71F45CC006B57DD5A3 /* [CP] Embed Pods Frameworks */ = {
			isa = PBXShellScriptBuildPhase;
			buildActionMask = 2147483647;
			files = (
			);
			inputPaths = (
			);
			name = "[CP] Embed Pods Frameworks";
			outputPaths = (
			);
			runOnlyForDeploymentPostprocessing = 0;
			shellPath = /bin/sh;
			shellScript = "";
			showEnvVarsInLog = 0;
		};
		C1DA452910BB5EB9907E2842 /* [CP] Check Pods Manifest.lock */ = {
			isa = PBXShellScriptBuildPhase;
			buildActionMask = 2147483647;
			files = (
			);
			inputPaths = (
			);
			name = "[CP] Check Pods Manifest.lock";
			outputPaths = (
			);
			runOnlyForDeploymentPostprocessing = 0;
			shellPath = /bin/sh;
			shellScript = "";
			showEnvVarsInLog = 0;
		};
		D6CD04E26499A3E2CE2B4B1D /* [CP] Copy Pods Resources */ = {
			isa = PBXShellScriptBuildPhase;
			buildActionMask = 2147483647;
			files = (
			);
			inputPaths = (
			);
			name = "[CP] Copy Pods Resources";
			outputPaths = (
			);
			runOnlyForDeploymentPostprocessing = 0;
			shellPath = /bin/sh;
			shellScript = "
";
			showEnvVarsInLog = 0;
		};
/* End PBXShellScriptBuildPhase section */

/* Begin PBXSourcesBuildPhase section */
		9BE56D701EFB107900D87BA8 /* Sources */ = {
			isa = PBXSourcesBuildPhase;
			buildActionMask = 2147483647;
			files = (
				9BABA5C31F2F76DC0089F18C /* MyCell.swift in Sources */,
				9BE56D7A1EFB107900D87BA8 /* ViewController.swift in Sources */,
				9BE56D781EFB107900D87BA8 /* AppDelegate.swift in Sources */,
			);
			runOnlyForDeploymentPostprocessing = 0;
		};
/* End PBXSourcesBuildPhase section */

/* Begin PBXVariantGroup section */
		9BE56D7B1EFB107900D87BA8 /* Main.storyboard */ = {
			isa = PBXVariantGroup;
			children = (
				9BE56D7C1EFB107900D87BA8 /* Base */,
			);
			name = Main.storyboard;
			sourceTree = "<group>";
		};
		9BE56D801EFB107900D87BA8 /* LaunchScreen.storyboard */ = {
			isa = PBXVariantGroup;
			children = (
				9BE56D811EFB107900D87BA8 /* Base */,
			);
			name = LaunchScreen.storyboard;
			sourceTree = "<group>";
		};
/* End PBXVariantGroup section */

/* Begin XCBuildConfiguration section */
		9BE56D841EFB107900D87BA8 /* Debug */ = {
			isa = XCBuildConfiguration;
			buildSettings = {
				ALWAYS_SEARCH_USER_PATHS = NO;
				CLANG_ANALYZER_NONNULL = YES;
				CLANG_ANALYZER_NUMBER_OBJECT_CONVERSION = YES_AGGRESSIVE;
				CLANG_CXX_LANGUAGE_STANDARD = "gnu++0x";
				CLANG_CXX_LIBRARY = "libc++";
				CLANG_ENABLE_MODULES = YES;
				CLANG_ENABLE_OBJC_ARC = YES;
				CLANG_WARN_BOOL_CONVERSION = YES;
				CLANG_WARN_CONSTANT_CONVERSION = YES;
				CLANG_WARN_DIRECT_OBJC_ISA_USAGE = YES_ERROR;
				CLANG_WARN_DOCUMENTATION_COMMENTS = YES;
				CLANG_WARN_EMPTY_BODY = YES;
				CLANG_WARN_ENUM_CONVERSION = YES;
				CLANG_WARN_INFINITE_RECURSION = YES;
				CLANG_WARN_INT_CONVERSION = YES;
				CLANG_WARN_OBJC_ROOT_CLASS = YES_ERROR;
				CLANG_WARN_SUSPICIOUS_MOVE = YES;
				CLANG_WARN_UNREACHABLE_CODE = YES;
				CLANG_WARN__DUPLICATE_METHOD_MATCH = YES;
				"CODE_SIGN_IDENTITY[sdk=iphoneos*]" = "iPhone Developer";
				COPY_PHASE_STRIP = NO;
				DEBUG_INFORMATION_FORMAT = dwarf;
				ENABLE_STRICT_OBJC_MSGSEND = YES;
				ENABLE_TESTABILITY = YES;
				GCC_C_LANGUAGE_STANDARD = gnu99;
				GCC_DYNAMIC_NO_PIC = NO;
				GCC_NO_COMMON_BLOCKS = YES;
				GCC_OPTIMIZATION_LEVEL = 0;
				GCC_PREPROCESSOR_DEFINITIONS = (
					"DEBUG=1",
					"$(inherited)",
				);
				GCC_WARN_64_TO_32_BIT_CONVERSION = YES;
				GCC_WARN_ABOUT_RETURN_TYPE = YES_ERROR;
				GCC_WARN_UNDECLARED_SELECTOR = YES;
				GCC_WARN_UNINITIALIZED_AUTOS = YES_AGGRESSIVE;
				GCC_WARN_UNUSED_FUNCTION = YES;
				GCC_WARN_UNUSED_VARIABLE = YES;
				IPHONEOS_DEPLOYMENT_TARGET = 10.3;
				MTL_ENABLE_DEBUG_INFO = YES;
				ONLY_ACTIVE_ARCH = YES;
				SDKROOT = iphoneos;
				SWIFT_ACTIVE_COMPILATION_CONDITIONS = DEBUG;
				SWIFT_OPTIMIZATION_LEVEL = "-Onone";
			};
			name = Debug;
		};
		9BE56D851EFB107900D87BA8 /* Release */ = {
			isa = XCBuildConfiguration;
			buildSettings = {
				ALWAYS_SEARCH_USER_PATHS = NO;
				CLANG_ANALYZER_NONNULL = YES;
				CLANG_ANALYZER_NUMBER_OBJECT_CONVERSION = YES_AGGRESSIVE;
				CLANG_CXX_LANGUAGE_STANDARD = "gnu++0x";
				CLANG_CXX_LIBRARY = "libc++";
				CLANG_ENABLE_MODULES = YES;
				CLANG_ENABLE_OBJC_ARC = YES;
				CLANG_WARN_BOOL_CONVERSION = YES;
				CLANG_WARN_CONSTANT_CONVERSION = YES;
				CLANG_WARN_DIRECT_OBJC_ISA_USAGE = YES_ERROR;
				CLANG_WARN_DOCUMENTATION_COMMENTS = YES;
				CLANG_WARN_EMPTY_BODY = YES;
				CLANG_WARN_ENUM_CONVERSION = YES;
				CLANG_WARN_INFINITE_RECURSION = YES;
				CLANG_WARN_INT_CONVERSION = YES;
				CLANG_WARN_OBJC_ROOT_CLASS = YES_ERROR;
				CLANG_WARN_SUSPICIOUS_MOVE = YES;
				CLANG_WARN_UNREACHABLE_CODE = YES;
				CLANG_WARN__DUPLICATE_METHOD_MATCH = YES;
				"CODE_SIGN_IDENTITY[sdk=iphoneos*]" = "iPhone Developer";
				COPY_PHASE_STRIP = NO;
				DEBUG_INFORMATION_FORMAT = "dwarf-with-dsym";
				ENABLE_NS_ASSERTIONS = NO;
				ENABLE_STRICT_OBJC_MSGSEND = YES;
				GCC_C_LANGUAGE_STANDARD = gnu99;
				GCC_NO_COMMON_BLOCKS = YES;
				GCC_WARN_64_TO_32_BIT_CONVERSION = YES;
				GCC_WARN_ABOUT_RETURN_TYPE = YES_ERROR;
				GCC_WARN_UNDECLARED_SELECTOR = YES;
				GCC_WARN_UNINITIALIZED_AUTOS = YES_AGGRESSIVE;
				GCC_WARN_UNUSED_FUNCTION = YES;
				GCC_WARN_UNUSED_VARIABLE = YES;
				IPHONEOS_DEPLOYMENT_TARGET = 10.3;
				MTL_ENABLE_DEBUG_INFO = NO;
				SDKROOT = iphoneos;
				SWIFT_OPTIMIZATION_LEVEL = "-Owholemodule";
				VALIDATE_PRODUCT = YES;
			};
			name = Release;
		};
		9BE56D871EFB107900D87BA8 /* Debug */ = {
			isa = XCBuildConfiguration;
			baseConfigurationReference = CA4308356385E4821425D9C2 /* Pods-DynamicTableViewCellHeight.debug.xcconfig */;
			buildSettings = {
				ASSETCATALOG_COMPILER_APPICON_NAME = AppIcon;
				DEVELOPMENT_TEAM = "";
				ENABLE_BITCODE = YES;
				INFOPLIST_FILE = DynamicTableViewCellHeight/Info.plist;
				IPHONEOS_DEPLOYMENT_TARGET = 9.0;
				LD_RUNPATH_SEARCH_PATHS = "$(inherited) @executable_path/Frameworks";
				PRODUCT_BUNDLE_IDENTIFIER = test.DynamicTableViewCellHeight;
				PRODUCT_NAME = "$(TARGET_NAME)";
				PROVISIONING_PROFILE_SPECIFIER = "";
				SWIFT_VERSION = 3.0;
			};
			name = Debug;
		};
		9BE56D881EFB107900D87BA8 /* Release */ = {
			isa = XCBuildConfiguration;
			baseConfigurationReference = 76F5EDE9683308346BDA9877 /* Pods-DynamicTableViewCellHeight.release.xcconfig */;
			buildSettings = {
				ASSETCATALOG_COMPILER_APPICON_NAME = AppIcon;
				DEVELOPMENT_TEAM = "";
				ENABLE_BITCODE = YES;
				INFOPLIST_FILE = DynamicTableViewCellHeight/Info.plist;
				IPHONEOS_DEPLOYMENT_TARGET = 9.0;
				LD_RUNPATH_SEARCH_PATHS = "$(inherited) @executable_path/Frameworks";
				PRODUCT_BUNDLE_IDENTIFIER = test.DynamicTableViewCellHeight;
				PRODUCT_NAME = "$(TARGET_NAME)";
				PROVISIONING_PROFILE_SPECIFIER = "";
				SWIFT_VERSION = 3.0;
			};
			name = Release;
		};
/* End XCBuildConfiguration section */

/* Begin XCConfigurationList section */
		9BE56D6F1EFB107900D87BA8 /* Build configuration list for PBXProject "DynamicTableViewCellHeight" */ = {
			isa = XCConfigurationList;
			buildConfigurations = (
				9BE56D841EFB107900D87BA8 /* Debug */,
				9BE56D851EFB107900D87BA8 /* Release */,
			);
			defaultConfigurationIsVisible = 0;
			defaultConfigurationName = Release;
		};
		9BE56D861EFB107900D87BA8 /* Build configuration list for PBXNativeTarget "DynamicTableViewCellHeight" */ = {
			isa = XCConfigurationList;
			buildConfigurations = (
				9BE56D871EFB107900D87BA8 /* Debug */,
				9BE56D881EFB107900D87BA8 /* Release */,
			);
			defaultConfigurationIsVisible = 0;
			defaultConfigurationName = Release;
		};
/* End XCConfigurationList section */
	};
	rootObject = 9BE56D6C1EFB107900D87BA8 /* Project object */;
}
